
Microsoft Visual Studio Solution File, Format Version 12.00
# Visual Studio 15
VisualStudioVersion = 15.0.28307.572
MinimumVisualStudioVersion = 10.0.40219.1
Project("{9A19103F-16F7-4668-BE54-9A1E7A4F7556}") = "Smurfwatch", "Smurfwatch\Smurfwatch.csproj", "{202F1EEA-E79A-415B-9DB7-D1D8BC27BAA8}"
EndProject
Project("{00D1A9C2-B5F0-4AF3-8072-F6C62B433612}") = "SmurfDatabase", "SmurfDatabase\SmurfDatabase.sqlproj", "{8905BBC1-818D-4A4B-8916-4A1FA9002B2F}"
EndProject
Project("{FAE04EC0-301F-11D3-BF4B-00C04F79EFBC}") = "Tests", "Tests\Tests.csproj", "{D30FF38F-F178-4FBA-BCC5-98AC35338B1B}"
EndProject
Global
	GlobalSection(SolutionConfigurationPlatforms) = preSolution
		Debug|Any CPU = Debug|Any CPU
		Release|Any CPU = Release|Any CPU
	EndGlobalSection
	GlobalSection(ProjectConfigurationPlatforms) = postSolution
		{202F1EEA-E79A-415B-9DB7-D1D8BC27BAA8}.Debug|Any CPU.ActiveCfg = Debug|Any CPU
		{202F1EEA-E79A-415B-9DB7-D1D8BC27BAA8}.Debug|Any CPU.Build.0 = Debug|Any CPU
		{202F1EEA-E79A-415B-9DB7-D1D8BC27BAA8}.Release|Any CPU.ActiveCfg = Release|Any CPU
		{202F1EEA-E79A-415B-9DB7-D1D8BC27BAA8}.Release|Any CPU.Build.0 = Release|Any CPU
		{8905BBC1-818D-4A4B-8916-4A1FA9002B2F}.Debug|Any CPU.ActiveCfg = Debug|Any CPU
		{8905BBC1-818D-4A4B-8916-4A1FA9002B2F}.Debug|Any CPU.Build.0 = Debug|Any CPU
		{8905BBC1-818D-4A4B-8916-4A1FA9002B2F}.Debug|Any CPU.Deploy.0 = Debug|Any CPU
		{8905BBC1-818D-4A4B-8916-4A1FA9002B2F}.Release|Any CPU.ActiveCfg = Release|Any CPU
		{8905BBC1-818D-4A4B-8916-4A1FA9002B2F}.Release|Any CPU.Build.0 = Release|Any CPU
		{8905BBC1-818D-4A4B-8916-4A1FA9002B2F}.Release|Any CPU.Deploy.0 = Release|Any CPU
		{D30FF38F-F178-4FBA-BCC5-98AC35338B1B}.Debug|Any CPU.ActiveCfg = Debug|Any CPU
		{D30FF38F-F178-4FBA-BCC5-98AC35338B1B}.Debug|Any CPU.Build.0 = Debug|Any CPU
		{D30FF38F-F178-4FBA-BCC5-98AC35338B1B}.Release|Any CPU.ActiveCfg = Release|Any CPU
		{D30FF38F-F178-4FBA-BCC5-98AC35338B1B}.Release|Any CPU.Build.0 = Release|Any CPU
	EndGlobalSection
	GlobalSection(SolutionProperties) = preSolution
		HideSolutionNode = FALSE
	EndGlobalSection
	GlobalSection(ExtensibilityGlobals) = postSolution
		SolutionGuid = {53C58189-8028-40A5-B462-E0B40DD592BE}
	EndGlobalSection
EndGlobal
